
Microsoft Visual Studio Solution File, Format Version 12.00
# Visual Studio Version 17
VisualStudioVersion = 17.7.34202.233
MinimumVisualStudioVersion = 10.0.40219.1
Project("{FAE04EC0-301F-11D3-BF4B-00C04F79EFBC}") = "Uppgift5.2", "Uppgift5.2\Uppgift5.2.csproj", "{518AD2D8-55FC-4BAB-80AF-3EA6B5F4275D}"
EndProject
Global
	GlobalSection(SolutionConfigurationPlatforms) = preSolution
		Debug|Any CPU = Debug|Any CPU
		Release|Any CPU = Release|Any CPU
	EndGlobalSection
	GlobalSection(ProjectConfigurationPlatforms) = postSolution
		{518AD2D8-55FC-4BAB-80AF-3EA6B5F4275D}.Debug|Any CPU.ActiveCfg = Debug|Any CPU
		{518AD2D8-55FC-4BAB-80AF-3EA6B5F4275D}.Debug|Any CPU.Build.0 = Debug|Any CPU
		{518AD2D8-55FC-4BAB-80AF-3EA6B5F4275D}.Release|Any CPU.ActiveCfg = Release|Any CPU
		{518AD2D8-55FC-4BAB-80AF-3EA6B5F4275D}.Release|Any CPU.Build.0 = Release|Any CPU
	EndGlobalSection
	GlobalSection(SolutionProperties) = preSolution
		HideSolutionNode = FALSE
	EndGlobalSection
	GlobalSection(ExtensibilityGlobals) = postSolution
		SolutionGuid = {03E8335C-E044-42A9-B46D-534D49A77854}
	EndGlobalSection
EndGlobal
